
Microsoft Visual Studio Solution File, Format Version 12.00
# Visual Studio 2013
VisualStudioVersion = 12.0.30501.0
MinimumVisualStudioVersion = 10.0.40219.1
Project("{FAE04EC0-301F-11D3-BF4B-00C04F79EFBC}") = "AbstractFactory", "AbstractFactory\AbstractFactory.csproj", "{7BC391D3-53A9-457D-98FD-6EB1DDC0851E}"
EndProject
Project("{FAE04EC0-301F-11D3-BF4B-00C04F79EFBC}") = "Application", "Application\Application.csproj", "{BCD52603-F86D-4AF7-A9C5-2477738901A5}"
EndProject
Global
	GlobalSection(SolutionConfigurationPlatforms) = preSolution
		Debug|Any CPU = Debug|Any CPU
		Release|Any CPU = Release|Any CPU
	EndGlobalSection
	GlobalSection(ProjectConfigurationPlatforms) = postSolution
		{7BC391D3-53A9-457D-98FD-6EB1DDC0851E}.Debug|Any CPU.ActiveCfg = Debug|Any CPU
		{7BC391D3-53A9-457D-98FD-6EB1DDC0851E}.Debug|Any CPU.Build.0 = Debug|Any CPU
		{7BC391D3-53A9-457D-98FD-6EB1DDC0851E}.Release|Any CPU.ActiveCfg = Release|Any CPU
		{7BC391D3-53A9-457D-98FD-6EB1DDC0851E}.Release|Any CPU.Build.0 = Release|Any CPU
		{BCD52603-F86D-4AF7-A9C5-2477738901A5}.Debug|Any CPU.ActiveCfg = Debug|Any CPU
		{BCD52603-F86D-4AF7-A9C5-2477738901A5}.Debug|Any CPU.Build.0 = Debug|Any CPU
		{BCD52603-F86D-4AF7-A9C5-2477738901A5}.Release|Any CPU.ActiveCfg = Release|Any CPU
		{BCD52603-F86D-4AF7-A9C5-2477738901A5}.Release|Any CPU.Build.0 = Release|Any CPU
	EndGlobalSection
	GlobalSection(SolutionProperties) = preSolution
		HideSolutionNode = FALSE
	EndGlobalSection
EndGlobal
