
Microsoft Visual Studio Solution File, Format Version 12.00
# Visual Studio 14
VisualStudioVersion = 14.0.23107.0
MinimumVisualStudioVersion = 10.0.40219.1
Project("{FAE04EC0-301F-11D3-BF4B-00C04F79EFBC}") = "FactoryMethod", "FactoryMethod\FactoryMethod.csproj", "{DAA96265-FA19-4B36-AADF-8706C27F4653}"
EndProject
Project("{FAE04EC0-301F-11D3-BF4B-00C04F79EFBC}") = "FactoryMethod.Application", "FactoryMethod.Application\FactoryMethod.Application.csproj", "{7483AD8D-1348-451D-BF7B-D17721563BEE}"
EndProject
Global
	GlobalSection(SolutionConfigurationPlatforms) = preSolution
		Debug|Any CPU = Debug|Any CPU
		Release|Any CPU = Release|Any CPU
	EndGlobalSection
	GlobalSection(ProjectConfigurationPlatforms) = postSolution
		{DAA96265-FA19-4B36-AADF-8706C27F4653}.Debug|Any CPU.ActiveCfg = Debug|Any CPU
		{DAA96265-FA19-4B36-AADF-8706C27F4653}.Debug|Any CPU.Build.0 = Debug|Any CPU
		{DAA96265-FA19-4B36-AADF-8706C27F4653}.Release|Any CPU.ActiveCfg = Release|Any CPU
		{DAA96265-FA19-4B36-AADF-8706C27F4653}.Release|Any CPU.Build.0 = Release|Any CPU
		{7483AD8D-1348-451D-BF7B-D17721563BEE}.Debug|Any CPU.ActiveCfg = Debug|Any CPU
		{7483AD8D-1348-451D-BF7B-D17721563BEE}.Debug|Any CPU.Build.0 = Debug|Any CPU
		{7483AD8D-1348-451D-BF7B-D17721563BEE}.Release|Any CPU.ActiveCfg = Release|Any CPU
		{7483AD8D-1348-451D-BF7B-D17721563BEE}.Release|Any CPU.Build.0 = Release|Any CPU
	EndGlobalSection
	GlobalSection(SolutionProperties) = preSolution
		HideSolutionNode = FALSE
	EndGlobalSection
EndGlobal
