
Microsoft Visual Studio Solution File, Format Version 12.00
# Visual Studio 2013
VisualStudioVersion = 12.0.30501.0
MinimumVisualStudioVersion = 10.0.40219.1
Project("{FAE04EC0-301F-11D3-BF4B-00C04F79EFBC}") = "StatePatterns GoF", "StatePatterns\StatePatterns GoF.csproj", "{C3795985-2753-431E-9C67-32FF35C9BF03}"
EndProject
Project("{FAE04EC0-301F-11D3-BF4B-00C04F79EFBC}") = "StatePatterns SwitchCase", "StatePatterns SwitchCase\StatePatterns SwitchCase.csproj", "{C16E3F49-A4ED-40BE-A7DD-29E69F5A7B98}"
EndProject
Global
	GlobalSection(SolutionConfigurationPlatforms) = preSolution
		Debug|Any CPU = Debug|Any CPU
		Release|Any CPU = Release|Any CPU
	EndGlobalSection
	GlobalSection(ProjectConfigurationPlatforms) = postSolution
		{C3795985-2753-431E-9C67-32FF35C9BF03}.Debug|Any CPU.ActiveCfg = Debug|Any CPU
		{C3795985-2753-431E-9C67-32FF35C9BF03}.Debug|Any CPU.Build.0 = Debug|Any CPU
		{C3795985-2753-431E-9C67-32FF35C9BF03}.Release|Any CPU.ActiveCfg = Release|Any CPU
		{C3795985-2753-431E-9C67-32FF35C9BF03}.Release|Any CPU.Build.0 = Release|Any CPU
		{C16E3F49-A4ED-40BE-A7DD-29E69F5A7B98}.Debug|Any CPU.ActiveCfg = Debug|Any CPU
		{C16E3F49-A4ED-40BE-A7DD-29E69F5A7B98}.Debug|Any CPU.Build.0 = Debug|Any CPU
		{C16E3F49-A4ED-40BE-A7DD-29E69F5A7B98}.Release|Any CPU.ActiveCfg = Release|Any CPU
		{C16E3F49-A4ED-40BE-A7DD-29E69F5A7B98}.Release|Any CPU.Build.0 = Release|Any CPU
	EndGlobalSection
	GlobalSection(SolutionProperties) = preSolution
		HideSolutionNode = FALSE
	EndGlobalSection
EndGlobal
